
Microsoft Visual Studio Solution File, Format Version 12.00
# Visual Studio 2012
Project("{FAE04EC0-301F-11D3-BF4B-00C04F79EFBC}") = "WpfGeneric2DGrid", "WpfGeneric2DGrid\WpfGeneric2DGrid.csproj", "{868D1FA5-B102-41AF-B599-F640DF923AE4}"
EndProject
Project("{FAE04EC0-301F-11D3-BF4B-00C04F79EFBC}") = "WpfGenericGrid", "WpfGenericGrid\WpfGenericGrid.csproj", "{EC55015E-D520-46C9-A183-D074F0856A20}"
EndProject
Global
	GlobalSection(SolutionConfigurationPlatforms) = preSolution
		Debug|Any CPU = Debug|Any CPU
		Release|Any CPU = Release|Any CPU
	EndGlobalSection
	GlobalSection(ProjectConfigurationPlatforms) = postSolution
		{868D1FA5-B102-41AF-B599-F640DF923AE4}.Debug|Any CPU.ActiveCfg = Debug|Any CPU
		{868D1FA5-B102-41AF-B599-F640DF923AE4}.Debug|Any CPU.Build.0 = Debug|Any CPU
		{868D1FA5-B102-41AF-B599-F640DF923AE4}.Release|Any CPU.ActiveCfg = Release|Any CPU
		{868D1FA5-B102-41AF-B599-F640DF923AE4}.Release|Any CPU.Build.0 = Release|Any CPU
		{EC55015E-D520-46C9-A183-D074F0856A20}.Debug|Any CPU.ActiveCfg = Debug|Any CPU
		{EC55015E-D520-46C9-A183-D074F0856A20}.Debug|Any CPU.Build.0 = Debug|Any CPU
		{EC55015E-D520-46C9-A183-D074F0856A20}.Release|Any CPU.ActiveCfg = Release|Any CPU
		{EC55015E-D520-46C9-A183-D074F0856A20}.Release|Any CPU.Build.0 = Release|Any CPU
	EndGlobalSection
	GlobalSection(SolutionProperties) = preSolution
		HideSolutionNode = FALSE
	EndGlobalSection
EndGlobal
